gom 'github.com/Sirupsen/logrus', :commit => '3c5b048a9d4a00d644cf9992762c26d4ca8493ac'
gom 'github.com/auth0/go-jwt-middleware', :commit => '4fb819167f530a087591cbb0b9c287b0d53a7627'
gom 'github.com/codegangsta/negroni', :commit => '1dd3ab0ff59e13f5b73dcbf70703710aebe50d2f'
gom 'github.com/dgrijalva/jwt-go', :commit => 'a3e2f13bb7a4cfef6824fab97be5a7df9b86eff2'
gom 'github.com/gorilla/context', :commit => '215affda49addc4c8ef7e2534915df2c8c35c6cd'
gom 'github.com/gorilla/mux', :commit => 'e444e69cbd2e2e3e0749a2f3c717cec491552bbf'
gom 'github.com/gotk/ctx', :commit => '1feaa34465f5416722fb03f644c4879d10e29ebc'
gom 'github.com/gotk/pg', :commit => '617e7cfe66fb82f12f5c3b0b4551c979ae1d78f5'
gom 'github.com/guregu/null', :commit => '68a803260b6b65e7c87c2a641aaa31b3c4f0d240'
gom 'github.com/joho/godotenv', :commit => 'ead2e75027bf1a3f6457e28d9eb3c2fa05109d2b'
gom 'github.com/lib/pq', :commit => '19eeca3e30d2577b1761db471ec130810e67f532'
gom 'github.com/lib/pq/oid'
gom 'github.com/nicksnyder/go-i18n/i18n'
gom 'github.com/nicksnyder/go-i18n/i18n/bundle'
gom 'github.com/nicksnyder/go-i18n/i18n/language'
gom 'github.com/nicksnyder/go-i18n/i18n/translation'
